
Microsoft Visual Studio Solution File, Format Version 12.00
# Visual Studio Version 17
VisualStudioVersion = 17.0.32126.317
MinimumVisualStudioVersion = 10.0.40219.1
Project("{FAE04EC0-301F-11D3-BF4B-00C04F79EFBC}") = "SuperSmashApp3CosmosDB", "SuperSmashApp3CosmosDB.csproj", "{04519242-E4D1-40DA-A53E-35D74E5543E1}"
EndProject
Global
	GlobalSection(SolutionConfigurationPlatforms) = preSolution
		Debug|Any CPU = Debug|Any CPU
		Release|Any CPU = Release|Any CPU
	EndGlobalSection
	GlobalSection(ProjectConfigurationPlatforms) = postSolution
		{04519242-E4D1-40DA-A53E-35D74E5543E1}.Debug|Any CPU.ActiveCfg = Debug|Any CPU
		{04519242-E4D1-40DA-A53E-35D74E5543E1}.Debug|Any CPU.Build.0 = Debug|Any CPU
		{04519242-E4D1-40DA-A53E-35D74E5543E1}.Release|Any CPU.ActiveCfg = Release|Any CPU
		{04519242-E4D1-40DA-A53E-35D74E5543E1}.Release|Any CPU.Build.0 = Release|Any CPU
	EndGlobalSection
	GlobalSection(SolutionProperties) = preSolution
		HideSolutionNode = FALSE
	EndGlobalSection
	GlobalSection(ExtensibilityGlobals) = postSolution
		SolutionGuid = {41BE11F2-4EF4-48DF-AD01-39D95C7A14BC}
	EndGlobalSection
EndGlobal
